github.com/koykov/bitset v1.0.0 h1:2mEbAhKelhpdWqnpa+mR3HRhdMsto5od7ACOi6MIAmk=
github.com/koykov/bitset v1.0.0/go.mod h1:DVR3bH49c1oOcNtD38h+aQq7lp1ZY91cXmjOldlTk8A=
github.com/koykov/bitvector v0.0.0-20250502202936-76e25ca53304 h1:7W8tTn1PRMrPhpa+5i4HspKeYcbt9tlm7fLWspxMqK0=
github.com/koykov/bitvector v0.0.0-20250502202936-76e25ca53304/go.mod h1:kXYBZMiSVuP9Ji4pGcX1E7LTfxIPWvs+KAF6A6vI4OU=
github.com/koykov/byteseq v1.0.1 h1:PbsGtxkUnvrqlwnjNxnRq5FDIvLXJg5CcN9yRuSQY7A=
github.com/koykov/byteseq v1.0.1/go.mod h1:JlIJ6P3/ocuGNRbTVyP0NVRS/ExofhOS8g7mtefjefw=
github.com/koykov/hash v1.0.1-0.20250305161527-55fd63f527af h1:GvMAZundlBUMYxU15YTJ0TQ67K3NCLj8SrTjsXlIO8I=
github.com/koykov/hash v1.0.1-0.20250305161527-55fd63f527af/go.mod h1:G+yDmfd72sOLN1tTHs+wDJD+1Ps8bAFSZx2TIrgjvHE=
github.com/koykov/openrt v0.0.0-20240728195600-ccc3242946f9 h1:BZvoBH5eeWfqd74OnY4G3u81zPl52mYg2rF9I2dM0cE=
github.com/koykov/openrt v0.0.0-20240728195600-ccc3242946f9/go.mod h1:y8Xa99HTBmthCilUUW36IZJd5SP9Rb+W8S9CJaauyU8=
github.com/koykov/simd v0.0.0-20250418162437-1cc44ce1286e h1:ahPVDYw6YJApHsTm0+NSB/BUjo4a/EKa5wlGTseQK/0=
github.com/koykov/simd v0.0.0-20250418162437-1cc44ce1286e/go.mod h1:+dJAw9UnAkYBTeZ/3axXu03SxgADjuVnYl8erDATGvQ=
golang.org/x/sys v0.30.0 h1:QjkSwP/36a20jFYWkSue1YwXzLmsV5Gfq7Eiy72C1uc=
golang.org/x/sys v0.30.0/go.mod h1:/VUhepiaJMQUp4+oa/7Zr1D23ma6VTLIYjOOTFZPUcA=
