github.com/koykov/bitvector v0.0.0-20250301134439-2f6280a3bd52 h1:2SwdSJ5WwkOiQdjEdJXjy7R3utqL7UIN/RjyznYTDvw=
github.com/koykov/bitvector v0.0.0-20250301134439-2f6280a3bd52/go.mod h1:KMT512J5l5vPCk55NNEWwXtH8GueCtUl37Rxz5OGpyo=
github.com/koykov/hash v1.0.1-0.20250305161527-55fd63f527af h1:GvMAZundlBUMYxU15YTJ0TQ67K3NCLj8SrTjsXlIO8I=
github.com/koykov/hash v1.0.1-0.20250305161527-55fd63f527af/go.mod h1:G+yDmfd72sOLN1tTHs+wDJD+1Ps8bAFSZx2TIrgjvHE=
github.com/koykov/openrt v0.0.0-20240728195600-ccc3242946f9 h1:BZvoBH5eeWfqd74OnY4G3u81zPl52mYg2rF9I2dM0cE=
github.com/koykov/openrt v0.0.0-20240728195600-ccc3242946f9/go.mod h1:y8Xa99HTBmthCilUUW36IZJd5SP9Rb+W8S9CJaauyU8=
